{
  "name": "notion-rehype",
  "version": "1.1.1",
  "lockfileVersion": 2,
  "requires": true,
  "packages": {
    "": {
      "version": "1.1.1",
      "license": "MIT",
      "devDependencies": {
        "@types/hast": "^2.3.4",
        "hast": "^1.0.0",
        "rehype-raw": "^6.1.1",
        "rehype-stringify": "^9.0.3",
        "typescript": "^4.7.4",
        "unified": "^10.1.2",
        "vfile": "^5.3.4"
      }
    },
    "node_modules/@types/hast": {
      "version": "2.3.4",
      "resolved": "https://registry.npmjs.org/@types/hast/-/hast-2.3.4.tgz",
      "integrity": "sha512-wLEm0QvaoawEDoTRwzTXp4b4jpwiJDvR5KMnFnVodm3scufTlBOWRD6N1OBf9TZMhjlNsSfcO5V+7AF4+Vy+9g==",
      "dev": true,
      "dependencies": {
        "@types/unist": "*"
      }
    },
    "node_modules/@types/parse5": {
      "version": "6.0.3",
      "resolved": "https://registry.npmjs.org/@types/parse5/-/parse5-6.0.3.tgz",
      "integrity": "sha512-SuT16Q1K51EAVPz1K29DJ/sXjhSQ0zjvsypYJ6tlwVsRV9jwW5Adq2ch8Dq8kDBCkYnELS7N7VNCSB5nC56t/g==",
      "dev": true
    },
    "node_modules/@types/unist": {
      "version": "2.0.6",
      "resolved": "https://registry.npmjs.org/@types/unist/-/unist-2.0.6.tgz",
      "integrity": "sha512-PBjIUxZHOuj0R15/xuwJYjFi+KZdNFrehocChv4g5hu6aFroHue8m0lBP0POdK2nKzbw0cgV1mws8+V/JAcEkQ==",
      "dev": true
    },
    "node_modules/bail": {
      "version": "2.0.2",
      "resolved": "https://registry.npmjs.org/bail/-/bail-2.0.2.tgz",
      "integrity": "sha512-0xO6mYd7JB2YesxDKplafRpsiOzPt9V02ddPCLbY1xYGPOX24NTyN50qnUxgCPcSoYMhKpAuBTjQoRZCAkUDRw==",
      "dev": true,
      "funding": {
        "type": "github",
        "url": "https://github.com/sponsors/wooorm"
      }
    },
    "node_modules/ccount": {
      "version": "2.0.1",
      "resolved": "https://registry.npmjs.org/ccount/-/ccount-2.0.1.tgz",
      "integrity": "sha512-eyrF0jiFpY+3drT6383f1qhkbGsLSifNAjA61IUjZjmLCWjItY6LB9ft9YhoDgwfmclB2zhu51Lc7+95b8NRAg==",
      "dev": true,
      "funding": {
        "type": "github",
        "url": "https://github.com/sponsors/wooorm"
      }
    },
    "node_modules/character-entities-html4": {
      "version": "2.1.0",
      "resolved": "https://registry.npmjs.org/character-entities-html4/-/character-entities-html4-2.1.0.tgz",
      "integrity": "sha512-1v7fgQRj6hnSwFpq1Eu0ynr/CDEw0rXo2B61qXrLNdHZmPKgb7fqS1a2JwF0rISo9q77jDI8VMEHoApn8qDoZA==",
      "dev": true,
      "funding": {
        "type": "github",
        "url": "https://github.com/sponsors/wooorm"
      }
    },
    "node_modules/character-entities-legacy": {
      "version": "3.0.0",
      "resolved": "https://registry.npmjs.org/character-entities-legacy/-/character-entities-legacy-3.0.0.tgz",
      "integrity": "sha512-RpPp0asT/6ufRm//AJVwpViZbGM/MkjQFxJccQRHmISF/22NBtsHqAWmL+/pmkPWoIUJdWyeVleTl1wydHATVQ==",
      "dev": true,
      "funding": {
        "type": "github",
        "url": "https://github.com/sponsors/wooorm"
      }
    },
    "node_modules/comma-separated-tokens": {
      "version": "2.0.2",
      "resolved": "https://registry.npmjs.org/comma-separated-tokens/-/comma-separated-tokens-2.0.2.tgz",
      "integrity": "sha512-G5yTt3KQN4Yn7Yk4ed73hlZ1evrFKXeUW3086p3PRFNp7m2vIjI6Pg+Kgb+oyzhd9F2qdcoj67+y3SdxL5XWsg==",
      "dev": true,
      "funding": {
        "type": "github",
        "url": "https://github.com/sponsors/wooorm"
      }
    },
    "node_modules/extend": {
      "version": "3.0.2",
      "resolved": "https://registry.npmjs.org/extend/-/extend-3.0.2.tgz",
      "integrity": "sha512-fjquC59cD7CyW6urNXK0FBufkZcoiGG80wTuPujX590cB5Ttln20E2UB4S/WARVqhXffZl2LNgS+gQdPIIim/g==",
      "dev": true
    },
    "node_modules/hast": {
      "version": "1.0.0",
      "resolved": "https://registry.npmjs.org/hast/-/hast-1.0.0.tgz",
      "integrity": "sha512-vFUqlRV5C+xqP76Wwq2SrM0kipnmpxJm7OfvVXpB35Fp+Fn4MV+ozr+JZr5qFvyR1q/U+Foim2x+3P+x9S1PLA==",
      "deprecated": "Renamed to rehype",
      "dev": true
    },
    "node_modules/hast-to-hyperscript": {
      "version": "10.0.1",
      "resolved": "https://registry.npmjs.org/hast-to-hyperscript/-/hast-to-hyperscript-10.0.1.tgz",
      "integrity": "sha512-dhIVGoKCQVewFi+vz3Vt567E4ejMppS1haBRL6TEmeLeJVB1i/FJIIg/e6s1Bwn0g5qtYojHEKvyGA+OZuyifw==",
      "dev": true,
      "dependencies": {
        "@types/unist": "^2.0.0",
        "comma-separated-tokens": "^2.0.0",
        "property-information": "^6.0.0",
        "space-separated-tokens": "^2.0.0",
        "style-to-object": "^0.3.0",
        "unist-util-is": "^5.0.0",
        "web-namespaces": "^2.0.0"
      },
      "funding": {
        "type": "opencollective",
        "url": "https://opencollective.com/unified"
      }
    },
    "node_modules/hast-util-from-parse5": {
      "version": "7.1.0",
      "resolved": "https://registry.npmjs.org/hast-util-from-parse5/-/hast-util-from-parse5-7.1.0.tgz",
      "integrity": "sha512-m8yhANIAccpU4K6+121KpPP55sSl9/samzQSQGpb0mTExcNh2WlvjtMwSWFhg6uqD4Rr6Nfa8N6TMypQM51rzQ==",
      "dev": true,
      "dependencies": {
        "@types/hast": "^2.0.0",
        "@types/parse5": "^6.0.0",
        "@types/unist": "^2.0.0",
        "hastscript": "^7.0.0",
        "property-information": "^6.0.0",
        "vfile": "^5.0.0",
        "vfile-location": "^4.0.0",
        "web-namespaces": "^2.0.0"
      },
      "funding": {
        "type": "opencollective",
        "url": "https://opencollective.com/unified"
      }
    },
    "node_modules/hast-util-is-element": {
      "version": "2.1.2",
      "resolved": "https://registry.npmjs.org/hast-util-is-element/-/hast-util-is-element-2.1.2.tgz",
      "integrity": "sha512-thjnlGAnwP8ef/GSO1Q8BfVk2gundnc2peGQqEg2kUt/IqesiGg/5mSwN2fE7nLzy61pg88NG6xV+UrGOrx9EA==",
      "dev": true,
      "dependencies": {
        "@types/hast": "^2.0.0",
        "@types/unist": "^2.0.0"
      },
      "funding": {
        "type": "opencollective",
        "url": "https://opencollective.com/unified"
      }
    },
    "node_modules/hast-util-parse-selector": {
      "version": "3.1.0",
      "resolved": "https://registry.npmjs.org/hast-util-parse-selector/-/hast-util-parse-selector-3.1.0.tgz",
      "integrity": "sha512-AyjlI2pTAZEOeu7GeBPZhROx0RHBnydkQIXlhnFzDi0qfXTmGUWoCYZtomHbrdrheV4VFUlPcfJ6LMF5T6sQzg==",
      "dev": true,
      "dependencies": {
        "@types/hast": "^2.0.0"
      },
      "funding": {
        "type": "opencollective",
        "url": "https://opencollective.com/unified"
      }
    },
    "node_modules/hast-util-raw": {
      "version": "7.2.2",
      "resolved": "https://registry.npmjs.org/hast-util-raw/-/hast-util-raw-7.2.2.tgz",
      "integrity": "sha512-0x3BhhdlBcqRIKyc095lBSDvmQNMY3Eulj2PLsT5XCyKYrxssI5yr3P4Kv/PBo1s/DMkZy2voGkMXECnFCZRLQ==",
      "dev": true,
      "dependencies": {
        "@types/hast": "^2.0.0",
        "@types/parse5": "^6.0.0",
        "hast-util-from-parse5": "^7.0.0",
        "hast-util-to-parse5": "^7.0.0",
        "html-void-elements": "^2.0.0",
        "parse5": "^6.0.0",
        "unist-util-position": "^4.0.0",
        "unist-util-visit": "^4.0.0",
        "vfile": "^5.0.0",
        "web-namespaces": "^2.0.0",
        "zwitch": "^2.0.0"
      },
      "funding": {
        "type": "opencollective",
        "url": "https://opencollective.com/unified"
      }
    },
    "node_modules/hast-util-to-html": {
      "version": "8.0.3",
      "resolved": "https://registry.npmjs.org/hast-util-to-html/-/hast-util-to-html-8.0.3.tgz",
      "integrity": "sha512-/D/E5ymdPYhHpPkuTHOUkSatxr4w1ZKrZsG0Zv/3C2SRVT0JFJG53VS45AMrBtYk0wp5A7ksEhiC8QaOZM95+A==",
      "dev": true,
      "dependencies": {
        "@types/hast": "^2.0.0",
        "ccount": "^2.0.0",
        "comma-separated-tokens": "^2.0.0",
        "hast-util-is-element": "^2.0.0",
        "hast-util-whitespace": "^2.0.0",
        "html-void-elements": "^2.0.0",
        "property-information": "^6.0.0",
        "space-separated-tokens": "^2.0.0",
        "stringify-entities": "^4.0.2",
        "unist-util-is": "^5.0.0"
      },
      "funding": {
        "type": "opencollective",
        "url": "https://opencollective.com/unified"
      }
    },
    "node_modules/hast-util-to-parse5": {
      "version": "7.0.0",
      "resolved": "https://registry.npmjs.org/hast-util-to-parse5/-/hast-util-to-parse5-7.0.0.tgz",
      "integrity": "sha512-YHiS6aTaZ3N0Q3nxaY/Tj98D6kM8QX5Q8xqgg8G45zR7PvWnPGPP0vcKCgb/moIydEJ/QWczVrX0JODCVeoV7A==",
      "dev": true,
      "dependencies": {
        "@types/hast": "^2.0.0",
        "@types/parse5": "^6.0.0",
        "hast-to-hyperscript": "^10.0.0",
        "property-information": "^6.0.0",
        "web-namespaces": "^2.0.0",
        "zwitch": "^2.0.0"
      },
      "funding": {
        "type": "opencollective",
        "url": "https://opencollective.com/unified"
      }
    },
    "node_modules/hast-util-whitespace": {
      "version": "2.0.0",
      "resolved": "https://registry.npmjs.org/hast-util-whitespace/-/hast-util-whitespace-2.0.0.tgz",
      "integrity": "sha512-Pkw+xBHuV6xFeJprJe2BBEoDV+AvQySaz3pPDRUs5PNZEMQjpXJJueqrpcHIXxnWTcAGi/UOCgVShlkY6kLoqg==",
      "dev": true,
      "funding": {
        "type": "opencollective",
        "url": "https://opencollective.com/unified"
      }
    },
    "node_modules/hastscript": {
      "version": "7.0.2",
      "resolved": "https://registry.npmjs.org/hastscript/-/hastscript-7.0.2.tgz",
      "integrity": "sha512-uA8ooUY4ipaBvKcMuPehTAB/YfFLSSzCwFSwT6ltJbocFUKH/GDHLN+tflq7lSRf9H86uOuxOFkh1KgIy3Gg2g==",
      "dev": true,
      "dependencies": {
        "@types/hast": "^2.0.0",
        "comma-separated-tokens": "^2.0.0",
        "hast-util-parse-selector": "^3.0.0",
        "property-information": "^6.0.0",
        "space-separated-tokens": "^2.0.0"
      },
      "funding": {
        "type": "opencollective",
        "url": "https://opencollective.com/unified"
      }
    },
    "node_modules/html-void-elements": {
      "version": "2.0.1",
      "resolved": "https://registry.npmjs.org/html-void-elements/-/html-void-elements-2.0.1.tgz",
      "integrity": "sha512-0quDb7s97CfemeJAnW9wC0hw78MtW7NU3hqtCD75g2vFlDLt36llsYD7uB7SUzojLMP24N5IatXf7ylGXiGG9A==",
      "dev": true,
      "funding": {
        "type": "github",
        "url": "https://github.com/sponsors/wooorm"
      }
    },
    "node_modules/inline-style-parser": {
      "version": "0.1.1",
      "resolved": "https://registry.npmjs.org/inline-style-parser/-/inline-style-parser-0.1.1.tgz",
      "integrity": "sha512-7NXolsK4CAS5+xvdj5OMMbI962hU/wvwoxk+LWR9Ek9bVtyuuYScDN6eS0rUm6TxApFpw7CX1o4uJzcd4AyD3Q==",
      "dev": true
    },
    "node_modules/is-buffer": {
      "version": "2.0.5",
      "resolved": "https://registry.npmjs.org/is-buffer/-/is-buffer-2.0.5.tgz",
      "integrity": "sha512-i2R6zNFDwgEHJyQUtJEk0XFi1i0dPFn/oqjK3/vPCcDeJvW5NQ83V8QbicfF1SupOaB0h8ntgBC2YiE7dfyctQ==",
      "dev": true,
      "funding": [
        {
          "type": "github",
          "url": "https://github.com/sponsors/feross"
        },
        {
          "type": "patreon",
          "url": "https://www.patreon.com/feross"
        },
        {
          "type": "consulting",
          "url": "https://feross.org/support"
        }
      ],
      "engines": {
        "node": ">=4"
      }
    },
    "node_modules/is-plain-obj": {
      "version": "4.1.0",
      "resolved": "https://registry.npmjs.org/is-plain-obj/-/is-plain-obj-4.1.0.tgz",
      "integrity": "sha512-+Pgi+vMuUNkJyExiMBt5IlFoMyKnr5zhJ4Uspz58WOhBF5QoIZkFyNHIbBAtHwzVAgk5RtndVNsDRN61/mmDqg==",
      "dev": true,
      "engines": {
        "node": ">=12"
      },
      "funding": {
        "url": "https://github.com/sponsors/sindresorhus"
      }
    },
    "node_modules/parse5": {
      "version": "6.0.1",
      "resolved": "https://registry.npmjs.org/parse5/-/parse5-6.0.1.tgz",
      "integrity": "sha512-Ofn/CTFzRGTTxwpNEs9PP93gXShHcTq255nzRYSKe8AkVpZY7e1fpmTfOyoIvjP5HG7Z2ZM7VS9PPhQGW2pOpw==",
      "dev": true
    },
    "node_modules/property-information": {
      "version": "6.1.1",
      "resolved": "https://registry.npmjs.org/property-information/-/property-information-6.1.1.tgz",
      "integrity": "sha512-hrzC564QIl0r0vy4l6MvRLhafmUowhO/O3KgVSoXIbbA2Sz4j8HGpJc6T2cubRVwMwpdiG/vKGfhT4IixmKN9w==",
      "dev": true,
      "funding": {
        "type": "github",
        "url": "https://github.com/sponsors/wooorm"
      }
    },
    "node_modules/rehype-raw": {
      "version": "6.1.1",
      "resolved": "https://registry.npmjs.org/rehype-raw/-/rehype-raw-6.1.1.tgz",
      "integrity": "sha512-d6AKtisSRtDRX4aSPsJGTfnzrX2ZkHQLE5kiUuGOeEoLpbEulFF4hj0mLPbsa+7vmguDKOVVEQdHKDSwoaIDsQ==",
      "dev": true,
      "dependencies": {
        "@types/hast": "^2.0.0",
        "hast-util-raw": "^7.2.0",
        "unified": "^10.0.0"
      },
      "funding": {
        "type": "opencollective",
        "url": "https://opencollective.com/unified"
      }
    },
    "node_modules/rehype-stringify": {
      "version": "9.0.3",
      "resolved": "https://registry.npmjs.org/rehype-stringify/-/rehype-stringify-9.0.3.tgz",
      "integrity": "sha512-kWiZ1bgyWlgOxpqD5HnxShKAdXtb2IUljn3hQAhySeak6IOQPPt6DeGnsIh4ixm7yKJWzm8TXFuC/lPfcWHJqw==",
      "dev": true,
      "dependencies": {
        "@types/hast": "^2.0.0",
        "hast-util-to-html": "^8.0.0",
        "unified": "^10.0.0"
      },
      "funding": {
        "type": "opencollective",
        "url": "https://opencollective.com/unified"
      }
    },
    "node_modules/space-separated-tokens": {
      "version": "2.0.1",
      "resolved": "https://registry.npmjs.org/space-separated-tokens/-/space-separated-tokens-2.0.1.tgz",
      "integrity": "sha512-ekwEbFp5aqSPKaqeY1PGrlGQxPNaq+Cnx4+bE2D8sciBQrHpbwoBbawqTN2+6jPs9IdWxxiUcN0K2pkczD3zmw==",
      "dev": true,
      "funding": {
        "type": "github",
        "url": "https://github.com/sponsors/wooorm"
      }
    },
    "node_modules/stringify-entities": {
      "version": "4.0.3",
      "resolved": "https://registry.npmjs.org/stringify-entities/-/stringify-entities-4.0.3.tgz",
      "integrity": "sha512-BP9nNHMhhfcMbiuQKCqMjhDP5yBCAxsPu4pHFFzJ6Alo9dZgY4VLDPutXqIjpRiMoKdp7Av85Gr73Q5uH9k7+g==",
      "dev": true,
      "dependencies": {
        "character-entities-html4": "^2.0.0",
        "character-entities-legacy": "^3.0.0"
      },
      "funding": {
        "type": "github",
        "url": "https://github.com/sponsors/wooorm"
      }
    },
    "node_modules/style-to-object": {
      "version": "0.3.0",
      "resolved": "https://registry.npmjs.org/style-to-object/-/style-to-object-0.3.0.tgz",
      "integrity": "sha512-CzFnRRXhzWIdItT3OmF8SQfWyahHhjq3HwcMNCNLn+N7klOOqPjMeG/4JSu77D7ypZdGvSzvkrbyeTMizz2VrA==",
      "dev": true,
      "dependencies": {
        "inline-style-parser": "0.1.1"
      }
    },
    "node_modules/trough": {
      "version": "2.1.0",
      "resolved": "https://registry.npmjs.org/trough/-/trough-2.1.0.tgz",
      "integrity": "sha512-AqTiAOLcj85xS7vQ8QkAV41hPDIJ71XJB4RCUrzo/1GM2CQwhkJGaf9Hgr7BOugMRpgGUrqRg/DrBDl4H40+8g==",
      "dev": true,
      "funding": {
        "type": "github",
        "url": "https://github.com/sponsors/wooorm"
      }
    },
    "node_modules/typescript": {
      "version": "4.8.3",
      "resolved": "https://registry.npmjs.org/typescript/-/typescript-4.8.3.tgz",
      "integrity": "sha512-goMHfm00nWPa8UvR/CPSvykqf6dVV8x/dp0c5mFTMTIu0u0FlGWRioyy7Nn0PGAdHxpJZnuO/ut+PpQ8UiHAig==",
      "dev": true,
      "bin": {
        "tsc": "bin/tsc",
        "tsserver": "bin/tsserver"
      },
      "engines": {
        "node": ">=4.2.0"
      }
    },
    "node_modules/unified": {
      "version": "10.1.2",
      "resolved": "https://registry.npmjs.org/unified/-/unified-10.1.2.tgz",
      "integrity": "sha512-pUSWAi/RAnVy1Pif2kAoeWNBa3JVrx0MId2LASj8G+7AiHWoKZNTomq6LG326T68U7/e263X6fTdcXIy7XnF7Q==",
      "dev": true,
      "dependencies": {
        "@types/unist": "^2.0.0",
        "bail": "^2.0.0",
        "extend": "^3.0.0",
        "is-buffer": "^2.0.0",
        "is-plain-obj": "^4.0.0",
        "trough": "^2.0.0",
        "vfile": "^5.0.0"
      },
      "funding": {
        "type": "opencollective",
        "url": "https://opencollective.com/unified"
      }
    },
    "node_modules/unist-util-is": {
      "version": "5.1.1",
      "resolved": "https://registry.npmjs.org/unist-util-is/-/unist-util-is-5.1.1.tgz",
      "integrity": "sha512-F5CZ68eYzuSvJjGhCLPL3cYx45IxkqXSetCcRgUXtbcm50X2L9oOWQlfUfDdAf+6Pd27YDblBfdtmsThXmwpbQ==",
      "dev": true,
      "funding": {
        "type": "opencollective",
        "url": "https://opencollective.com/unified"
      }
    },
    "node_modules/unist-util-position": {
      "version": "4.0.3",
      "resolved": "https://registry.npmjs.org/unist-util-position/-/unist-util-position-4.0.3.tgz",
      "integrity": "sha512-p/5EMGIa1qwbXjA+QgcBXaPWjSnZfQ2Sc3yBEEfgPwsEmJd8Qh+DSk3LGnmOM4S1bY2C0AjmMnB8RuEYxpPwXQ==",
      "dev": true,
      "dependencies": {
        "@types/unist": "^2.0.0"
      },
      "funding": {
        "type": "opencollective",
        "url": "https://opencollective.com/unified"
      }
    },
    "node_modules/unist-util-stringify-position": {
      "version": "3.0.2",
      "resolved": "https://registry.npmjs.org/unist-util-stringify-position/-/unist-util-stringify-position-3.0.2.tgz",
      "integrity": "sha512-7A6eiDCs9UtjcwZOcCpM4aPII3bAAGv13E96IkawkOAW0OhH+yRxtY0lzo8KiHpzEMfH7Q+FizUmwp8Iqy5EWg==",
      "dev": true,
      "dependencies": {
        "@types/unist": "^2.0.0"
      },
      "funding": {
        "type": "opencollective",
        "url": "https://opencollective.com/unified"
      }
    },
    "node_modules/unist-util-visit": {
      "version": "4.1.1",
      "resolved": "https://registry.npmjs.org/unist-util-visit/-/unist-util-visit-4.1.1.tgz",
      "integrity": "sha512-n9KN3WV9k4h1DxYR1LoajgN93wpEi/7ZplVe02IoB4gH5ctI1AaF2670BLHQYbwj+pY83gFtyeySFiyMHJklrg==",
      "dev": true,
      "dependencies": {
        "@types/unist": "^2.0.0",
        "unist-util-is": "^5.0.0",
        "unist-util-visit-parents": "^5.1.1"
      },
      "funding": {
        "type": "opencollective",
        "url": "https://opencollective.com/unified"
      }
    },
    "node_modules/unist-util-visit-parents": {
      "version": "5.1.1",
      "resolved": "https://registry.npmjs.org/unist-util-visit-parents/-/unist-util-visit-parents-5.1.1.tgz",
      "integrity": "sha512-gks4baapT/kNRaWxuGkl5BIhoanZo7sC/cUT/JToSRNL1dYoXRFl75d++NkjYk4TAu2uv2Px+l8guMajogeuiw==",
      "dev": true,
      "dependencies": {
        "@types/unist": "^2.0.0",
        "unist-util-is": "^5.0.0"
      },
      "funding": {
        "type": "opencollective",
        "url": "https://opencollective.com/unified"
      }
    },
    "node_modules/vfile": {
      "version": "5.3.5",
      "resolved": "https://registry.npmjs.org/vfile/-/vfile-5.3.5.tgz",
      "integrity": "sha512-U1ho2ga33eZ8y8pkbQLH54uKqGhFJ6GYIHnnG5AhRpAh3OWjkrRHKa/KogbmQn8We+c0KVV3rTOgR9V/WowbXQ==",
      "dev": true,
      "dependencies": {
        "@types/unist": "^2.0.0",
        "is-buffer": "^2.0.0",
        "unist-util-stringify-position": "^3.0.0",
        "vfile-message": "^3.0.0"
      },
      "funding": {
        "type": "opencollective",
        "url": "https://opencollective.com/unified"
      }
    },
    "node_modules/vfile-location": {
      "version": "4.0.1",
      "resolved": "https://registry.npmjs.org/vfile-location/-/vfile-location-4.0.1.tgz",
      "integrity": "sha512-JDxPlTbZrZCQXogGheBHjbRWjESSPEak770XwWPfw5mTc1v1nWGLB/apzZxsx8a0SJVfF8HK8ql8RD308vXRUw==",
      "dev": true,
      "dependencies": {
        "@types/unist": "^2.0.0",
        "vfile": "^5.0.0"
      },
      "funding": {
        "type": "opencollective",
        "url": "https://opencollective.com/unified"
      }
    },
    "node_modules/vfile-message": {
      "version": "3.1.2",
      "resolved": "https://registry.npmjs.org/vfile-message/-/vfile-message-3.1.2.tgz",
      "integrity": "sha512-QjSNP6Yxzyycd4SVOtmKKyTsSvClqBPJcd00Z0zuPj3hOIjg0rUPG6DbFGPvUKRgYyaIWLPKpuEclcuvb3H8qA==",
      "dev": true,
      "dependencies": {
        "@types/unist": "^2.0.0",
        "unist-util-stringify-position": "^3.0.0"
      },
      "funding": {
        "type": "opencollective",
        "url": "https://opencollective.com/unified"
      }
    },
    "node_modules/web-namespaces": {
      "version": "2.0.1",
      "resolved": "https://registry.npmjs.org/web-namespaces/-/web-namespaces-2.0.1.tgz",
      "integrity": "sha512-bKr1DkiNa2krS7qxNtdrtHAmzuYGFQLiQ13TsorsdT6ULTkPLKuu5+GsFpDlg6JFjUTwX2DyhMPG2be8uPrqsQ==",
      "dev": true,
      "funding": {
        "type": "github",
        "url": "https://github.com/sponsors/wooorm"
      }
    },
    "node_modules/zwitch": {
      "version": "2.0.2",
      "resolved": "https://registry.npmjs.org/zwitch/-/zwitch-2.0.2.tgz",
      "integrity": "sha512-JZxotl7SxAJH0j7dN4pxsTV6ZLXoLdGME+PsjkL/DaBrVryK9kTGq06GfKrwcSOqypP+fdXGoCHE36b99fWVoA==",
      "dev": true,
      "funding": {
        "type": "github",
        "url": "https://github.com/sponsors/wooorm"
      }
    }
  },
  "dependencies": {
    "@types/hast": {
      "version": "2.3.4",
      "resolved": "https://registry.npmjs.org/@types/hast/-/hast-2.3.4.tgz",
      "integrity": "sha512-wLEm0QvaoawEDoTRwzTXp4b4jpwiJDvR5KMnFnVodm3scufTlBOWRD6N1OBf9TZMhjlNsSfcO5V+7AF4+Vy+9g==",
      "dev": true,
      "requires": {
        "@types/unist": "*"
      }
    },
    "@types/parse5": {
      "version": "6.0.3",
      "resolved": "https://registry.npmjs.org/@types/parse5/-/parse5-6.0.3.tgz",
      "integrity": "sha512-SuT16Q1K51EAVPz1K29DJ/sXjhSQ0zjvsypYJ6tlwVsRV9jwW5Adq2ch8Dq8kDBCkYnELS7N7VNCSB5nC56t/g==",
      "dev": true
    },
    "@types/unist": {
      "version": "2.0.6",
      "resolved": "https://registry.npmjs.org/@types/unist/-/unist-2.0.6.tgz",
      "integrity": "sha512-PBjIUxZHOuj0R15/xuwJYjFi+KZdNFrehocChv4g5hu6aFroHue8m0lBP0POdK2nKzbw0cgV1mws8+V/JAcEkQ==",
      "dev": true
    },
    "bail": {
      "version": "2.0.2",
      "resolved": "https://registry.npmjs.org/bail/-/bail-2.0.2.tgz",
      "integrity": "sha512-0xO6mYd7JB2YesxDKplafRpsiOzPt9V02ddPCLbY1xYGPOX24NTyN50qnUxgCPcSoYMhKpAuBTjQoRZCAkUDRw==",
      "dev": true
    },
    "ccount": {
      "version": "2.0.1",
      "resolved": "https://registry.npmjs.org/ccount/-/ccount-2.0.1.tgz",
      "integrity": "sha512-eyrF0jiFpY+3drT6383f1qhkbGsLSifNAjA61IUjZjmLCWjItY6LB9ft9YhoDgwfmclB2zhu51Lc7+95b8NRAg==",
      "dev": true
    },
    "character-entities-html4": {
      "version": "2.1.0",
      "resolved": "https://registry.npmjs.org/character-entities-html4/-/character-entities-html4-2.1.0.tgz",
      "integrity": "sha512-1v7fgQRj6hnSwFpq1Eu0ynr/CDEw0rXo2B61qXrLNdHZmPKgb7fqS1a2JwF0rISo9q77jDI8VMEHoApn8qDoZA==",
      "dev": true
    },
    "character-entities-legacy": {
      "version": "3.0.0",
      "resolved": "https://registry.npmjs.org/character-entities-legacy/-/character-entities-legacy-3.0.0.tgz",
      "integrity": "sha512-RpPp0asT/6ufRm//AJVwpViZbGM/MkjQFxJccQRHmISF/22NBtsHqAWmL+/pmkPWoIUJdWyeVleTl1wydHATVQ==",
      "dev": true
    },
    "comma-separated-tokens": {
      "version": "2.0.2",
      "resolved": "https://registry.npmjs.org/comma-separated-tokens/-/comma-separated-tokens-2.0.2.tgz",
      "integrity": "sha512-G5yTt3KQN4Yn7Yk4ed73hlZ1evrFKXeUW3086p3PRFNp7m2vIjI6Pg+Kgb+oyzhd9F2qdcoj67+y3SdxL5XWsg==",
      "dev": true
    },
    "extend": {
      "version": "3.0.2",
      "resolved": "https://registry.npmjs.org/extend/-/extend-3.0.2.tgz",
      "integrity": "sha512-fjquC59cD7CyW6urNXK0FBufkZcoiGG80wTuPujX590cB5Ttln20E2UB4S/WARVqhXffZl2LNgS+gQdPIIim/g==",
      "dev": true
    },
    "hast": {
      "version": "1.0.0",
      "resolved": "https://registry.npmjs.org/hast/-/hast-1.0.0.tgz",
      "integrity": "sha512-vFUqlRV5C+xqP76Wwq2SrM0kipnmpxJm7OfvVXpB35Fp+Fn4MV+ozr+JZr5qFvyR1q/U+Foim2x+3P+x9S1PLA==",
      "dev": true
    },
    "hast-to-hyperscript": {
      "version": "10.0.1",
      "resolved": "https://registry.npmjs.org/hast-to-hyperscript/-/hast-to-hyperscript-10.0.1.tgz",
      "integrity": "sha512-dhIVGoKCQVewFi+vz3Vt567E4ejMppS1haBRL6TEmeLeJVB1i/FJIIg/e6s1Bwn0g5qtYojHEKvyGA+OZuyifw==",
      "dev": true,
      "requires": {
        "@types/unist": "^2.0.0",
        "comma-separated-tokens": "^2.0.0",
        "property-information": "^6.0.0",
        "space-separated-tokens": "^2.0.0",
        "style-to-object": "^0.3.0",
        "unist-util-is": "^5.0.0",
        "web-namespaces": "^2.0.0"
      }
    },
    "hast-util-from-parse5": {
      "version": "7.1.0",
      "resolved": "https://registry.npmjs.org/hast-util-from-parse5/-/hast-util-from-parse5-7.1.0.tgz",
      "integrity": "sha512-m8yhANIAccpU4K6+121KpPP55sSl9/samzQSQGpb0mTExcNh2WlvjtMwSWFhg6uqD4Rr6Nfa8N6TMypQM51rzQ==",
      "dev": true,
      "requires": {
        "@types/hast": "^2.0.0",
        "@types/parse5": "^6.0.0",
        "@types/unist": "^2.0.0",
        "hastscript": "^7.0.0",
        "property-information": "^6.0.0",
        "vfile": "^5.0.0",
        "vfile-location": "^4.0.0",
        "web-namespaces": "^2.0.0"
      }
    },
    "hast-util-is-element": {
      "version": "2.1.2",
      "resolved": "https://registry.npmjs.org/hast-util-is-element/-/hast-util-is-element-2.1.2.tgz",
      "integrity": "sha512-thjnlGAnwP8ef/GSO1Q8BfVk2gundnc2peGQqEg2kUt/IqesiGg/5mSwN2fE7nLzy61pg88NG6xV+UrGOrx9EA==",
      "dev": true,
      "requires": {
        "@types/hast": "^2.0.0",
        "@types/unist": "^2.0.0"
      }
    },
    "hast-util-parse-selector": {
      "version": "3.1.0",
      "resolved": "https://registry.npmjs.org/hast-util-parse-selector/-/hast-util-parse-selector-3.1.0.tgz",
      "integrity": "sha512-AyjlI2pTAZEOeu7GeBPZhROx0RHBnydkQIXlhnFzDi0qfXTmGUWoCYZtomHbrdrheV4VFUlPcfJ6LMF5T6sQzg==",
      "dev": true,
      "requires": {
        "@types/hast": "^2.0.0"
      }
    },
    "hast-util-raw": {
      "version": "7.2.2",
      "resolved": "https://registry.npmjs.org/hast-util-raw/-/hast-util-raw-7.2.2.tgz",
      "integrity": "sha512-0x3BhhdlBcqRIKyc095lBSDvmQNMY3Eulj2PLsT5XCyKYrxssI5yr3P4Kv/PBo1s/DMkZy2voGkMXECnFCZRLQ==",
      "dev": true,
      "requires": {
        "@types/hast": "^2.0.0",
        "@types/parse5": "^6.0.0",
        "hast-util-from-parse5": "^7.0.0",
        "hast-util-to-parse5": "^7.0.0",
        "html-void-elements": "^2.0.0",
        "parse5": "^6.0.0",
        "unist-util-position": "^4.0.0",
        "unist-util-visit": "^4.0.0",
        "vfile": "^5.0.0",
        "web-namespaces": "^2.0.0",
        "zwitch": "^2.0.0"
      }
    },
    "hast-util-to-html": {
      "version": "8.0.3",
      "resolved": "https://registry.npmjs.org/hast-util-to-html/-/hast-util-to-html-8.0.3.tgz",
      "integrity": "sha512-/D/E5ymdPYhHpPkuTHOUkSatxr4w1ZKrZsG0Zv/3C2SRVT0JFJG53VS45AMrBtYk0wp5A7ksEhiC8QaOZM95+A==",
      "dev": true,
      "requires": {
        "@types/hast": "^2.0.0",
        "ccount": "^2.0.0",
        "comma-separated-tokens": "^2.0.0",
        "hast-util-is-element": "^2.0.0",
        "hast-util-whitespace": "^2.0.0",
        "html-void-elements": "^2.0.0",
        "property-information": "^6.0.0",
        "space-separated-tokens": "^2.0.0",
        "stringify-entities": "^4.0.2",
        "unist-util-is": "^5.0.0"
      }
    },
    "hast-util-to-parse5": {
      "version": "7.0.0",
      "resolved": "https://registry.npmjs.org/hast-util-to-parse5/-/hast-util-to-parse5-7.0.0.tgz",
      "integrity": "sha512-YHiS6aTaZ3N0Q3nxaY/Tj98D6kM8QX5Q8xqgg8G45zR7PvWnPGPP0vcKCgb/moIydEJ/QWczVrX0JODCVeoV7A==",
      "dev": true,
      "requires": {
        "@types/hast": "^2.0.0",
        "@types/parse5": "^6.0.0",
        "hast-to-hyperscript": "^10.0.0",
        "property-information": "^6.0.0",
        "web-namespaces": "^2.0.0",
        "zwitch": "^2.0.0"
      }
    },
    "hast-util-whitespace": {
      "version": "2.0.0",
      "resolved": "https://registry.npmjs.org/hast-util-whitespace/-/hast-util-whitespace-2.0.0.tgz",
      "integrity": "sha512-Pkw+xBHuV6xFeJprJe2BBEoDV+AvQySaz3pPDRUs5PNZEMQjpXJJueqrpcHIXxnWTcAGi/UOCgVShlkY6kLoqg==",
      "dev": true
    },
    "hastscript": {
      "version": "7.0.2",
      "resolved": "https://registry.npmjs.org/hastscript/-/hastscript-7.0.2.tgz",
      "integrity": "sha512-uA8ooUY4ipaBvKcMuPehTAB/YfFLSSzCwFSwT6ltJbocFUKH/GDHLN+tflq7lSRf9H86uOuxOFkh1KgIy3Gg2g==",
      "dev": true,
      "requires": {
        "@types/hast": "^2.0.0",
        "comma-separated-tokens": "^2.0.0",
        "hast-util-parse-selector": "^3.0.0",
        "property-information": "^6.0.0",
        "space-separated-tokens": "^2.0.0"
      }
    },
    "html-void-elements": {
      "version": "2.0.1",
      "resolved": "https://registry.npmjs.org/html-void-elements/-/html-void-elements-2.0.1.tgz",
      "integrity": "sha512-0quDb7s97CfemeJAnW9wC0hw78MtW7NU3hqtCD75g2vFlDLt36llsYD7uB7SUzojLMP24N5IatXf7ylGXiGG9A==",
      "dev": true
    },
    "inline-style-parser": {
      "version": "0.1.1",
      "resolved": "https://registry.npmjs.org/inline-style-parser/-/inline-style-parser-0.1.1.tgz",
      "integrity": "sha512-7NXolsK4CAS5+xvdj5OMMbI962hU/wvwoxk+LWR9Ek9bVtyuuYScDN6eS0rUm6TxApFpw7CX1o4uJzcd4AyD3Q==",
      "dev": true
    },
    "is-buffer": {
      "version": "2.0.5",
      "resolved": "https://registry.npmjs.org/is-buffer/-/is-buffer-2.0.5.tgz",
      "integrity": "sha512-i2R6zNFDwgEHJyQUtJEk0XFi1i0dPFn/oqjK3/vPCcDeJvW5NQ83V8QbicfF1SupOaB0h8ntgBC2YiE7dfyctQ==",
      "dev": true
    },
    "is-plain-obj": {
      "version": "4.1.0",
      "resolved": "https://registry.npmjs.org/is-plain-obj/-/is-plain-obj-4.1.0.tgz",
      "integrity": "sha512-+Pgi+vMuUNkJyExiMBt5IlFoMyKnr5zhJ4Uspz58WOhBF5QoIZkFyNHIbBAtHwzVAgk5RtndVNsDRN61/mmDqg==",
      "dev": true
    },
    "parse5": {
      "version": "6.0.1",
      "resolved": "https://registry.npmjs.org/parse5/-/parse5-6.0.1.tgz",
      "integrity": "sha512-Ofn/CTFzRGTTxwpNEs9PP93gXShHcTq255nzRYSKe8AkVpZY7e1fpmTfOyoIvjP5HG7Z2ZM7VS9PPhQGW2pOpw==",
      "dev": true
    },
    "property-information": {
      "version": "6.1.1",
      "resolved": "https://registry.npmjs.org/property-information/-/property-information-6.1.1.tgz",
      "integrity": "sha512-hrzC564QIl0r0vy4l6MvRLhafmUowhO/O3KgVSoXIbbA2Sz4j8HGpJc6T2cubRVwMwpdiG/vKGfhT4IixmKN9w==",
      "dev": true
    },
    "rehype-raw": {
      "version": "6.1.1",
      "resolved": "https://registry.npmjs.org/rehype-raw/-/rehype-raw-6.1.1.tgz",
      "integrity": "sha512-d6AKtisSRtDRX4aSPsJGTfnzrX2ZkHQLE5kiUuGOeEoLpbEulFF4hj0mLPbsa+7vmguDKOVVEQdHKDSwoaIDsQ==",
      "dev": true,
      "requires": {
        "@types/hast": "^2.0.0",
        "hast-util-raw": "^7.2.0",
        "unified": "^10.0.0"
      }
    },
    "rehype-stringify": {
      "version": "9.0.3",
      "resolved": "https://registry.npmjs.org/rehype-stringify/-/rehype-stringify-9.0.3.tgz",
      "integrity": "sha512-kWiZ1bgyWlgOxpqD5HnxShKAdXtb2IUljn3hQAhySeak6IOQPPt6DeGnsIh4ixm7yKJWzm8TXFuC/lPfcWHJqw==",
      "dev": true,
      "requires": {
        "@types/hast": "^2.0.0",
        "hast-util-to-html": "^8.0.0",
        "unified": "^10.0.0"
      }
    },
    "space-separated-tokens": {
      "version": "2.0.1",
      "resolved": "https://registry.npmjs.org/space-separated-tokens/-/space-separated-tokens-2.0.1.tgz",
      "integrity": "sha512-ekwEbFp5aqSPKaqeY1PGrlGQxPNaq+Cnx4+bE2D8sciBQrHpbwoBbawqTN2+6jPs9IdWxxiUcN0K2pkczD3zmw==",
      "dev": true
    },
    "stringify-entities": {
      "version": "4.0.3",
      "resolved": "https://registry.npmjs.org/stringify-entities/-/stringify-entities-4.0.3.tgz",
      "integrity": "sha512-BP9nNHMhhfcMbiuQKCqMjhDP5yBCAxsPu4pHFFzJ6Alo9dZgY4VLDPutXqIjpRiMoKdp7Av85Gr73Q5uH9k7+g==",
      "dev": true,
      "requires": {
        "character-entities-html4": "^2.0.0",
        "character-entities-legacy": "^3.0.0"
      }
    },
    "style-to-object": {
      "version": "0.3.0",
      "resolved": "https://registry.npmjs.org/style-to-object/-/style-to-object-0.3.0.tgz",
      "integrity": "sha512-CzFnRRXhzWIdItT3OmF8SQfWyahHhjq3HwcMNCNLn+N7klOOqPjMeG/4JSu77D7ypZdGvSzvkrbyeTMizz2VrA==",
      "dev": true,
      "requires": {
        "inline-style-parser": "0.1.1"
      }
    },
    "trough": {
      "version": "2.1.0",
      "resolved": "https://registry.npmjs.org/trough/-/trough-2.1.0.tgz",
      "integrity": "sha512-AqTiAOLcj85xS7vQ8QkAV41hPDIJ71XJB4RCUrzo/1GM2CQwhkJGaf9Hgr7BOugMRpgGUrqRg/DrBDl4H40+8g==",
      "dev": true
    },
    "typescript": {
      "version": "4.8.3",
      "resolved": "https://registry.npmjs.org/typescript/-/typescript-4.8.3.tgz",
      "integrity": "sha512-goMHfm00nWPa8UvR/CPSvykqf6dVV8x/dp0c5mFTMTIu0u0FlGWRioyy7Nn0PGAdHxpJZnuO/ut+PpQ8UiHAig==",
      "dev": true
    },
    "unified": {
      "version": "10.1.2",
      "resolved": "https://registry.npmjs.org/unified/-/unified-10.1.2.tgz",
      "integrity": "sha512-pUSWAi/RAnVy1Pif2kAoeWNBa3JVrx0MId2LASj8G+7AiHWoKZNTomq6LG326T68U7/e263X6fTdcXIy7XnF7Q==",
      "dev": true,
      "requires": {
        "@types/unist": "^2.0.0",
        "bail": "^2.0.0",
        "extend": "^3.0.0",
        "is-buffer": "^2.0.0",
        "is-plain-obj": "^4.0.0",
        "trough": "^2.0.0",
        "vfile": "^5.0.0"
      }
    },
    "unist-util-is": {
      "version": "5.1.1",
      "resolved": "https://registry.npmjs.org/unist-util-is/-/unist-util-is-5.1.1.tgz",
      "integrity": "sha512-F5CZ68eYzuSvJjGhCLPL3cYx45IxkqXSetCcRgUXtbcm50X2L9oOWQlfUfDdAf+6Pd27YDblBfdtmsThXmwpbQ==",
      "dev": true
    },
    "unist-util-position": {
      "version": "4.0.3",
      "resolved": "https://registry.npmjs.org/unist-util-position/-/unist-util-position-4.0.3.tgz",
      "integrity": "sha512-p/5EMGIa1qwbXjA+QgcBXaPWjSnZfQ2Sc3yBEEfgPwsEmJd8Qh+DSk3LGnmOM4S1bY2C0AjmMnB8RuEYxpPwXQ==",
      "dev": true,
      "requires": {
        "@types/unist": "^2.0.0"
      }
    },
    "unist-util-stringify-position": {
      "version": "3.0.2",
      "resolved": "https://registry.npmjs.org/unist-util-stringify-position/-/unist-util-stringify-position-3.0.2.tgz",
      "integrity": "sha512-7A6eiDCs9UtjcwZOcCpM4aPII3bAAGv13E96IkawkOAW0OhH+yRxtY0lzo8KiHpzEMfH7Q+FizUmwp8Iqy5EWg==",
      "dev": true,
      "requires": {
        "@types/unist": "^2.0.0"
      }
    },
    "unist-util-visit": {
      "version": "4.1.1",
      "resolved": "https://registry.npmjs.org/unist-util-visit/-/unist-util-visit-4.1.1.tgz",
      "integrity": "sha512-n9KN3WV9k4h1DxYR1LoajgN93wpEi/7ZplVe02IoB4gH5ctI1AaF2670BLHQYbwj+pY83gFtyeySFiyMHJklrg==",
      "dev": true,
      "requires": {
        "@types/unist": "^2.0.0",
        "unist-util-is": "^5.0.0",
        "unist-util-visit-parents": "^5.1.1"
      }
    },
    "unist-util-visit-parents": {
      "version": "5.1.1",
      "resolved": "https://registry.npmjs.org/unist-util-visit-parents/-/unist-util-visit-parents-5.1.1.tgz",
      "integrity": "sha512-gks4baapT/kNRaWxuGkl5BIhoanZo7sC/cUT/JToSRNL1dYoXRFl75d++NkjYk4TAu2uv2Px+l8guMajogeuiw==",
      "dev": true,
      "requires": {
        "@types/unist": "^2.0.0",
        "unist-util-is": "^5.0.0"
      }
    },
    "vfile": {
      "version": "5.3.5",
      "resolved": "https://registry.npmjs.org/vfile/-/vfile-5.3.5.tgz",
      "integrity": "sha512-U1ho2ga33eZ8y8pkbQLH54uKqGhFJ6GYIHnnG5AhRpAh3OWjkrRHKa/KogbmQn8We+c0KVV3rTOgR9V/WowbXQ==",
      "dev": true,
      "requires": {
        "@types/unist": "^2.0.0",
        "is-buffer": "^2.0.0",
        "unist-util-stringify-position": "^3.0.0",
        "vfile-message": "^3.0.0"
      }
    },
    "vfile-location": {
      "version": "4.0.1",
      "resolved": "https://registry.npmjs.org/vfile-location/-/vfile-location-4.0.1.tgz",
      "integrity": "sha512-JDxPlTbZrZCQXogGheBHjbRWjESSPEak770XwWPfw5mTc1v1nWGLB/apzZxsx8a0SJVfF8HK8ql8RD308vXRUw==",
      "dev": true,
      "requires": {
        "@types/unist": "^2.0.0",
        "vfile": "^5.0.0"
      }
    },
    "vfile-message": {
      "version": "3.1.2",
      "resolved": "https://registry.npmjs.org/vfile-message/-/vfile-message-3.1.2.tgz",
      "integrity": "sha512-QjSNP6Yxzyycd4SVOtmKKyTsSvClqBPJcd00Z0zuPj3hOIjg0rUPG6DbFGPvUKRgYyaIWLPKpuEclcuvb3H8qA==",
      "dev": true,
      "requires": {
        "@types/unist": "^2.0.0",
        "unist-util-stringify-position": "^3.0.0"
      }
    },
    "web-namespaces": {
      "version": "2.0.1",
      "resolved": "https://registry.npmjs.org/web-namespaces/-/web-namespaces-2.0.1.tgz",
      "integrity": "sha512-bKr1DkiNa2krS7qxNtdrtHAmzuYGFQLiQ13TsorsdT6ULTkPLKuu5+GsFpDlg6JFjUTwX2DyhMPG2be8uPrqsQ==",
      "dev": true
    },
    "zwitch": {
      "version": "2.0.2",
      "resolved": "https://registry.npmjs.org/zwitch/-/zwitch-2.0.2.tgz",
      "integrity": "sha512-JZxotl7SxAJH0j7dN4pxsTV6ZLXoLdGME+PsjkL/DaBrVryK9kTGq06GfKrwcSOqypP+fdXGoCHE36b99fWVoA==",
      "dev": true
    }
  }
}
