lockfileVersion: '9.0'

settings:
  autoInstallPeers: true
  excludeLinksFromLockfile: false

importers:

  .:
    devDependencies:
      '@types/hast':
        specifier: ^2.3.4
        version: 2.3.10
      hast:
        specifier: ^1.0.0
        version: 1.0.0
      rehype-raw:
        specifier: ^6.1.1
        version: 6.1.1
      rehype-stringify:
        specifier: ^9.0.3
        version: 9.0.4
      typescript:
        specifier: ^4.7.4
        version: 4.9.5
      unified:
        specifier: ^10.1.2
        version: 10.1.2
      vfile:
        specifier: ^5.3.4
        version: 5.3.7

packages:

  '@types/hast@2.3.10':
    resolution: {integrity: sha512-McWspRw8xx8J9HurkVBfYj0xKoE25tOFlHGdx4MJ5xORQrMGZNqJhVQWaIbm6Oyla5kYOXtDiopzKRJzEOkwJw==}

  '@types/parse5@6.0.3':
    resolution: {integrity: sha512-SuT16Q1K51EAVPz1K29DJ/sXjhSQ0zjvsypYJ6tlwVsRV9jwW5Adq2ch8Dq8kDBCkYnELS7N7VNCSB5nC56t/g==}

  '@types/unist@2.0.11':
    resolution: {integrity: sha512-CmBKiL6NNo/OqgmMn95Fk9Whlp2mtvIv+KNpQKN2F4SjvrEesubTRWGYSg+BnWZOnlCaSTU1sMpsBOzgbYhnsA==}

  bail@2.0.2:
    resolution: {integrity: sha512-0xO6mYd7JB2YesxDKplafRpsiOzPt9V02ddPCLbY1xYGPOX24NTyN50qnUxgCPcSoYMhKpAuBTjQoRZCAkUDRw==}

  ccount@2.0.1:
    resolution: {integrity: sha512-eyrF0jiFpY+3drT6383f1qhkbGsLSifNAjA61IUjZjmLCWjItY6LB9ft9YhoDgwfmclB2zhu51Lc7+95b8NRAg==}

  character-entities-html4@2.1.0:
    resolution: {integrity: sha512-1v7fgQRj6hnSwFpq1Eu0ynr/CDEw0rXo2B61qXrLNdHZmPKgb7fqS1a2JwF0rISo9q77jDI8VMEHoApn8qDoZA==}

  character-entities-legacy@3.0.0:
    resolution: {integrity: sha512-RpPp0asT/6ufRm//AJVwpViZbGM/MkjQFxJccQRHmISF/22NBtsHqAWmL+/pmkPWoIUJdWyeVleTl1wydHATVQ==}

  comma-separated-tokens@2.0.3:
    resolution: {integrity: sha512-Fu4hJdvzeylCfQPp9SGWidpzrMs7tTrlu6Vb8XGaRGck8QSNZJJp538Wrb60Lax4fPwR64ViY468OIUTbRlGZg==}

  extend@3.0.2:
    resolution: {integrity: sha512-fjquC59cD7CyW6urNXK0FBufkZcoiGG80wTuPujX590cB5Ttln20E2UB4S/WARVqhXffZl2LNgS+gQdPIIim/g==}

  hast-util-from-parse5@7.1.2:
    resolution: {integrity: sha512-Nz7FfPBuljzsN3tCQ4kCBKqdNhQE2l0Tn+X1ubgKBPRoiDIu1mL08Cfw4k7q71+Duyaw7DXDN+VTAp4Vh3oCOw==}

  hast-util-parse-selector@3.1.1:
    resolution: {integrity: sha512-jdlwBjEexy1oGz0aJ2f4GKMaVKkA9jwjr4MjAAI22E5fM/TXVZHuS5OpONtdeIkRKqAaryQ2E9xNQxijoThSZA==}

  hast-util-raw@7.2.3:
    resolution: {integrity: sha512-RujVQfVsOrxzPOPSzZFiwofMArbQke6DJjnFfceiEbFh7S05CbPt0cYN+A5YeD3pso0JQk6O1aHBnx9+Pm2uqg==}

  hast-util-to-html@8.0.4:
    resolution: {integrity: sha512-4tpQTUOr9BMjtYyNlt0P50mH7xj0Ks2xpo8M943Vykljf99HW6EzulIoJP1N3eKOSScEHzyzi9dm7/cn0RfGwA==}

  hast-util-to-parse5@7.1.0:
    resolution: {integrity: sha512-YNRgAJkH2Jky5ySkIqFXTQiaqcAtJyVE+D5lkN6CdtOqrnkLfGYYrEcKuHOJZlp+MwjSwuD3fZuawI+sic/RBw==}

  hast-util-whitespace@2.0.1:
    resolution: {integrity: sha512-nAxA0v8+vXSBDt3AnRUNjyRIQ0rD+ntpbAp4LnPkumc5M9yUbSMa4XDU9Q6etY4f1Wp4bNgvc1yjiZtsTTrSng==}

  hast@1.0.0:
    resolution: {integrity: sha512-vFUqlRV5C+xqP76Wwq2SrM0kipnmpxJm7OfvVXpB35Fp+Fn4MV+ozr+JZr5qFvyR1q/U+Foim2x+3P+x9S1PLA==}
    deprecated: Renamed to rehype

  hastscript@7.2.0:
    resolution: {integrity: sha512-TtYPq24IldU8iKoJQqvZOuhi5CyCQRAbvDOX0x1eW6rsHSxa/1i2CCiptNTotGHJ3VoHRGmqiv6/D3q113ikkw==}

  html-void-elements@2.0.1:
    resolution: {integrity: sha512-0quDb7s97CfemeJAnW9wC0hw78MtW7NU3hqtCD75g2vFlDLt36llsYD7uB7SUzojLMP24N5IatXf7ylGXiGG9A==}

  is-buffer@2.0.5:
    resolution: {integrity: sha512-i2R6zNFDwgEHJyQUtJEk0XFi1i0dPFn/oqjK3/vPCcDeJvW5NQ83V8QbicfF1SupOaB0h8ntgBC2YiE7dfyctQ==}
    engines: {node: '>=4'}

  is-plain-obj@4.1.0:
    resolution: {integrity: sha512-+Pgi+vMuUNkJyExiMBt5IlFoMyKnr5zhJ4Uspz58WOhBF5QoIZkFyNHIbBAtHwzVAgk5RtndVNsDRN61/mmDqg==}
    engines: {node: '>=12'}

  parse5@6.0.1:
    resolution: {integrity: sha512-Ofn/CTFzRGTTxwpNEs9PP93gXShHcTq255nzRYSKe8AkVpZY7e1fpmTfOyoIvjP5HG7Z2ZM7VS9PPhQGW2pOpw==}

  property-information@6.5.0:
    resolution: {integrity: sha512-PgTgs/BlvHxOu8QuEN7wi5A0OmXaBcHpmCSTehcs6Uuu9IkDIEo13Hy7n898RHfrQ49vKCoGeWZSaAK01nwVig==}

  rehype-raw@6.1.1:
    resolution: {integrity: sha512-d6AKtisSRtDRX4aSPsJGTfnzrX2ZkHQLE5kiUuGOeEoLpbEulFF4hj0mLPbsa+7vmguDKOVVEQdHKDSwoaIDsQ==}

  rehype-stringify@9.0.4:
    resolution: {integrity: sha512-Uk5xu1YKdqobe5XpSskwPvo1XeHUUucWEQSl8hTrXt5selvca1e8K1EZ37E6YoZ4BT8BCqCdVfQW7OfHfthtVQ==}

  space-separated-tokens@2.0.2:
    resolution: {integrity: sha512-PEGlAwrG8yXGXRjW32fGbg66JAlOAwbObuqVoJpv/mRgoWDQfgH1wDPvtzWyUSNAXBGSk8h755YDbbcEy3SH2Q==}

  stringify-entities@4.0.4:
    resolution: {integrity: sha512-IwfBptatlO+QCJUo19AqvrPNqlVMpW9YEL2LIVY+Rpv2qsjCGxaDLNRgeGsQWJhfItebuJhsGSLjaBbNSQ+ieg==}

  trough@2.2.0:
    resolution: {integrity: sha512-tmMpK00BjZiUyVyvrBK7knerNgmgvcV/KLVyuma/SC+TQN167GrMRciANTz09+k3zW8L8t60jWO1GpfkZdjTaw==}

  typescript@4.9.5:
    resolution: {integrity: sha512-1FXk9E2Hm+QzZQ7z+McJiHL4NW1F2EzMu9Nq9i3zAaGqibafqYwCVU6WyWAuyQRRzOlxou8xZSyXLEN8oKj24g==}
    engines: {node: '>=4.2.0'}
    hasBin: true

  unified@10.1.2:
    resolution: {integrity: sha512-pUSWAi/RAnVy1Pif2kAoeWNBa3JVrx0MId2LASj8G+7AiHWoKZNTomq6LG326T68U7/e263X6fTdcXIy7XnF7Q==}

  unist-util-is@5.2.1:
    resolution: {integrity: sha512-u9njyyfEh43npf1M+yGKDGVPbY/JWEemg5nH05ncKPfi+kBbKBJoTdsogMu33uhytuLlv9y0O7GH7fEdwLdLQw==}

  unist-util-position@4.0.4:
    resolution: {integrity: sha512-kUBE91efOWfIVBo8xzh/uZQ7p9ffYRtUbMRZBNFYwf0RK8koUMx6dGUfwylLOKmaT2cs4wSW96QoYUSXAyEtpg==}

  unist-util-stringify-position@3.0.3:
    resolution: {integrity: sha512-k5GzIBZ/QatR8N5X2y+drfpWG8IDBzdnVj6OInRNWm1oXrzydiaAT2OQiA8DPRRZyAKb9b6I2a6PxYklZD0gKg==}

  unist-util-visit-parents@5.1.3:
    resolution: {integrity: sha512-x6+y8g7wWMyQhL1iZfhIPhDAs7Xwbn9nRosDXl7qoPTSCy0yNxnKc+hWokFifWQIDGi154rdUqKvbCa4+1kLhg==}

  unist-util-visit@4.1.2:
    resolution: {integrity: sha512-MSd8OUGISqHdVvfY9TPhyK2VdUrPgxkUtWSuMHF6XAAFuL4LokseigBnZtPnJMu+FbynTkFNnFlyjxpVKujMRg==}

  vfile-location@4.1.0:
    resolution: {integrity: sha512-YF23YMyASIIJXpktBa4vIGLJ5Gs88UB/XePgqPmTa7cDA+JeO3yclbpheQYCHjVHBn/yePzrXuygIL+xbvRYHw==}

  vfile-message@3.1.4:
    resolution: {integrity: sha512-fa0Z6P8HUrQN4BZaX05SIVXic+7kE3b05PWAtPuYP9QLHsLKYR7/AlLW3NtOrpXRLeawpDLMsVkmk5DG0NXgWw==}

  vfile@5.3.7:
    resolution: {integrity: sha512-r7qlzkgErKjobAmyNIkkSpizsFPYiUPuJb5pNW1RB4JcYVZhs4lIbVqk8XPk033CV/1z8ss5pkax8SuhGpcG8g==}

  web-namespaces@2.0.1:
    resolution: {integrity: sha512-bKr1DkiNa2krS7qxNtdrtHAmzuYGFQLiQ13TsorsdT6ULTkPLKuu5+GsFpDlg6JFjUTwX2DyhMPG2be8uPrqsQ==}

  zwitch@2.0.4:
    resolution: {integrity: sha512-bXE4cR/kVZhKZX/RjPEflHaKVhUVl85noU3v6b8apfQEc1x4A+zBxjZ4lN8LqGd6WZ3dl98pY4o717VFmoPp+A==}

snapshots:

  '@types/hast@2.3.10':
    dependencies:
      '@types/unist': 2.0.11

  '@types/parse5@6.0.3': {}

  '@types/unist@2.0.11': {}

  bail@2.0.2: {}

  ccount@2.0.1: {}

  character-entities-html4@2.1.0: {}

  character-entities-legacy@3.0.0: {}

  comma-separated-tokens@2.0.3: {}

  extend@3.0.2: {}

  hast-util-from-parse5@7.1.2:
    dependencies:
      '@types/hast': 2.3.10
      '@types/unist': 2.0.11
      hastscript: 7.2.0
      property-information: 6.5.0
      vfile: 5.3.7
      vfile-location: 4.1.0
      web-namespaces: 2.0.1

  hast-util-parse-selector@3.1.1:
    dependencies:
      '@types/hast': 2.3.10

  hast-util-raw@7.2.3:
    dependencies:
      '@types/hast': 2.3.10
      '@types/parse5': 6.0.3
      hast-util-from-parse5: 7.1.2
      hast-util-to-parse5: 7.1.0
      html-void-elements: 2.0.1
      parse5: 6.0.1
      unist-util-position: 4.0.4
      unist-util-visit: 4.1.2
      vfile: 5.3.7
      web-namespaces: 2.0.1
      zwitch: 2.0.4

  hast-util-to-html@8.0.4:
    dependencies:
      '@types/hast': 2.3.10
      '@types/unist': 2.0.11
      ccount: 2.0.1
      comma-separated-tokens: 2.0.3
      hast-util-raw: 7.2.3
      hast-util-whitespace: 2.0.1
      html-void-elements: 2.0.1
      property-information: 6.5.0
      space-separated-tokens: 2.0.2
      stringify-entities: 4.0.4
      zwitch: 2.0.4

  hast-util-to-parse5@7.1.0:
    dependencies:
      '@types/hast': 2.3.10
      comma-separated-tokens: 2.0.3
      property-information: 6.5.0
      space-separated-tokens: 2.0.2
      web-namespaces: 2.0.1
      zwitch: 2.0.4

  hast-util-whitespace@2.0.1: {}

  hast@1.0.0: {}

  hastscript@7.2.0:
    dependencies:
      '@types/hast': 2.3.10
      comma-separated-tokens: 2.0.3
      hast-util-parse-selector: 3.1.1
      property-information: 6.5.0
      space-separated-tokens: 2.0.2

  html-void-elements@2.0.1: {}

  is-buffer@2.0.5: {}

  is-plain-obj@4.1.0: {}

  parse5@6.0.1: {}

  property-information@6.5.0: {}

  rehype-raw@6.1.1:
    dependencies:
      '@types/hast': 2.3.10
      hast-util-raw: 7.2.3
      unified: 10.1.2

  rehype-stringify@9.0.4:
    dependencies:
      '@types/hast': 2.3.10
      hast-util-to-html: 8.0.4
      unified: 10.1.2

  space-separated-tokens@2.0.2: {}

  stringify-entities@4.0.4:
    dependencies:
      character-entities-html4: 2.1.0
      character-entities-legacy: 3.0.0

  trough@2.2.0: {}

  typescript@4.9.5: {}

  unified@10.1.2:
    dependencies:
      '@types/unist': 2.0.11
      bail: 2.0.2
      extend: 3.0.2
      is-buffer: 2.0.5
      is-plain-obj: 4.1.0
      trough: 2.2.0
      vfile: 5.3.7

  unist-util-is@5.2.1:
    dependencies:
      '@types/unist': 2.0.11

  unist-util-position@4.0.4:
    dependencies:
      '@types/unist': 2.0.11

  unist-util-stringify-position@3.0.3:
    dependencies:
      '@types/unist': 2.0.11

  unist-util-visit-parents@5.1.3:
    dependencies:
      '@types/unist': 2.0.11
      unist-util-is: 5.2.1

  unist-util-visit@4.1.2:
    dependencies:
      '@types/unist': 2.0.11
      unist-util-is: 5.2.1
      unist-util-visit-parents: 5.1.3

  vfile-location@4.1.0:
    dependencies:
      '@types/unist': 2.0.11
      vfile: 5.3.7

  vfile-message@3.1.4:
    dependencies:
      '@types/unist': 2.0.11
      unist-util-stringify-position: 3.0.3

  vfile@5.3.7:
    dependencies:
      '@types/unist': 2.0.11
      is-buffer: 2.0.5
      unist-util-stringify-position: 3.0.3
      vfile-message: 3.1.4

  web-namespaces@2.0.1: {}

  zwitch@2.0.4: {}
