# THIS IS AN AUTOGENERATED FILE. DO NOT EDIT THIS FILE DIRECTLY.
# yarn lockfile v1


"@types/hast@^2.0.0", "@types/hast@^2.3.4":
  version "2.3.4"
  resolved "https://registry.yarnpkg.com/@types/hast/-/hast-2.3.4.tgz#8aa5ef92c117d20d974a82bdfb6a648b08c0bafc"
  integrity sha512-wLEm0QvaoawEDoTRwzTXp4b4jpwiJDvR5KMnFnVodm3scufTlBOWRD6N1OBf9TZMhjlNsSfcO5V+7AF4+Vy+9g==
  dependencies:
    "@types/unist" "*"

"@types/parse5@^6.0.0":
  version "6.0.3"
  resolved "https://registry.yarnpkg.com/@types/parse5/-/parse5-6.0.3.tgz#705bb349e789efa06f43f128cef51240753424cb"
  integrity sha512-SuT16Q1K51EAVPz1K29DJ/sXjhSQ0zjvsypYJ6tlwVsRV9jwW5Adq2ch8Dq8kDBCkYnELS7N7VNCSB5nC56t/g==

"@types/unist@*", "@types/unist@^2.0.0":
  version "2.0.6"
  resolved "https://registry.yarnpkg.com/@types/unist/-/unist-2.0.6.tgz#250a7b16c3b91f672a24552ec64678eeb1d3a08d"
  integrity sha512-PBjIUxZHOuj0R15/xuwJYjFi+KZdNFrehocChv4g5hu6aFroHue8m0lBP0POdK2nKzbw0cgV1mws8+V/JAcEkQ==

bail@^2.0.0:
  version "2.0.2"
  resolved "https://registry.yarnpkg.com/bail/-/bail-2.0.2.tgz#d26f5cd8fe5d6f832a31517b9f7c356040ba6d5d"
  integrity sha512-0xO6mYd7JB2YesxDKplafRpsiOzPt9V02ddPCLbY1xYGPOX24NTyN50qnUxgCPcSoYMhKpAuBTjQoRZCAkUDRw==

ccount@^2.0.0:
  version "2.0.1"
  resolved "https://registry.yarnpkg.com/ccount/-/ccount-2.0.1.tgz#17a3bf82302e0870d6da43a01311a8bc02a3ecf5"
  integrity sha512-eyrF0jiFpY+3drT6383f1qhkbGsLSifNAjA61IUjZjmLCWjItY6LB9ft9YhoDgwfmclB2zhu51Lc7+95b8NRAg==

character-entities-html4@^2.0.0:
  version "2.1.0"
  resolved "https://registry.yarnpkg.com/character-entities-html4/-/character-entities-html4-2.1.0.tgz#1f1adb940c971a4b22ba39ddca6b618dc6e56b2b"
  integrity sha512-1v7fgQRj6hnSwFpq1Eu0ynr/CDEw0rXo2B61qXrLNdHZmPKgb7fqS1a2JwF0rISo9q77jDI8VMEHoApn8qDoZA==

character-entities-legacy@^3.0.0:
  version "3.0.0"
  resolved "https://registry.yarnpkg.com/character-entities-legacy/-/character-entities-legacy-3.0.0.tgz#76bc83a90738901d7bc223a9e93759fdd560125b"
  integrity sha512-RpPp0asT/6ufRm//AJVwpViZbGM/MkjQFxJccQRHmISF/22NBtsHqAWmL+/pmkPWoIUJdWyeVleTl1wydHATVQ==

comma-separated-tokens@^2.0.0:
  version "2.0.2"
  resolved "https://registry.yarnpkg.com/comma-separated-tokens/-/comma-separated-tokens-2.0.2.tgz#d4c25abb679b7751c880be623c1179780fe1dd98"
  integrity sha512-G5yTt3KQN4Yn7Yk4ed73hlZ1evrFKXeUW3086p3PRFNp7m2vIjI6Pg+Kgb+oyzhd9F2qdcoj67+y3SdxL5XWsg==

extend@^3.0.0:
  version "3.0.2"
  resolved "https://registry.yarnpkg.com/extend/-/extend-3.0.2.tgz#f8b1136b4071fbd8eb140aff858b1019ec2915fa"
  integrity sha512-fjquC59cD7CyW6urNXK0FBufkZcoiGG80wTuPujX590cB5Ttln20E2UB4S/WARVqhXffZl2LNgS+gQdPIIim/g==

hast-to-hyperscript@^10.0.0:
  version "10.0.1"
  resolved "https://registry.yarnpkg.com/hast-to-hyperscript/-/hast-to-hyperscript-10.0.1.tgz#3decd7cb4654bca8883f6fcbd4fb3695628c4296"
  integrity sha512-dhIVGoKCQVewFi+vz3Vt567E4ejMppS1haBRL6TEmeLeJVB1i/FJIIg/e6s1Bwn0g5qtYojHEKvyGA+OZuyifw==
  dependencies:
    "@types/unist" "^2.0.0"
    comma-separated-tokens "^2.0.0"
    property-information "^6.0.0"
    space-separated-tokens "^2.0.0"
    style-to-object "^0.3.0"
    unist-util-is "^5.0.0"
    web-namespaces "^2.0.0"

hast-util-from-parse5@^7.0.0:
  version "7.1.0"
  resolved "https://registry.yarnpkg.com/hast-util-from-parse5/-/hast-util-from-parse5-7.1.0.tgz#c129dd3a24dd8a867ab8a029ca47e27aa54864b7"
  integrity sha512-m8yhANIAccpU4K6+121KpPP55sSl9/samzQSQGpb0mTExcNh2WlvjtMwSWFhg6uqD4Rr6Nfa8N6TMypQM51rzQ==
  dependencies:
    "@types/hast" "^2.0.0"
    "@types/parse5" "^6.0.0"
    "@types/unist" "^2.0.0"
    hastscript "^7.0.0"
    property-information "^6.0.0"
    vfile "^5.0.0"
    vfile-location "^4.0.0"
    web-namespaces "^2.0.0"

hast-util-is-element@^2.0.0:
  version "2.1.2"
  resolved "https://registry.yarnpkg.com/hast-util-is-element/-/hast-util-is-element-2.1.2.tgz#fc0b0dc7cef3895e839b8d66979d57b0338c68f3"
  integrity sha512-thjnlGAnwP8ef/GSO1Q8BfVk2gundnc2peGQqEg2kUt/IqesiGg/5mSwN2fE7nLzy61pg88NG6xV+UrGOrx9EA==
  dependencies:
    "@types/hast" "^2.0.0"
    "@types/unist" "^2.0.0"

hast-util-parse-selector@^3.0.0:
  version "3.1.0"
  resolved "https://registry.yarnpkg.com/hast-util-parse-selector/-/hast-util-parse-selector-3.1.0.tgz#a519e27e8b61bd5a98fad494ed06131ce68d9c3f"
  integrity sha512-AyjlI2pTAZEOeu7GeBPZhROx0RHBnydkQIXlhnFzDi0qfXTmGUWoCYZtomHbrdrheV4VFUlPcfJ6LMF5T6sQzg==
  dependencies:
    "@types/hast" "^2.0.0"

hast-util-raw@^7.2.0:
  version "7.2.2"
  resolved "https://registry.yarnpkg.com/hast-util-raw/-/hast-util-raw-7.2.2.tgz#1974360b2d7f15b5ce26c2a4bac892d5d8185a18"
  integrity sha512-0x3BhhdlBcqRIKyc095lBSDvmQNMY3Eulj2PLsT5XCyKYrxssI5yr3P4Kv/PBo1s/DMkZy2voGkMXECnFCZRLQ==
  dependencies:
    "@types/hast" "^2.0.0"
    "@types/parse5" "^6.0.0"
    hast-util-from-parse5 "^7.0.0"
    hast-util-to-parse5 "^7.0.0"
    html-void-elements "^2.0.0"
    parse5 "^6.0.0"
    unist-util-position "^4.0.0"
    unist-util-visit "^4.0.0"
    vfile "^5.0.0"
    web-namespaces "^2.0.0"
    zwitch "^2.0.0"

hast-util-to-html@^8.0.0:
  version "8.0.3"
  resolved "https://registry.yarnpkg.com/hast-util-to-html/-/hast-util-to-html-8.0.3.tgz#4e37580872e143ea9ce0dba87918b19e4ea997e3"
  integrity sha512-/D/E5ymdPYhHpPkuTHOUkSatxr4w1ZKrZsG0Zv/3C2SRVT0JFJG53VS45AMrBtYk0wp5A7ksEhiC8QaOZM95+A==
  dependencies:
    "@types/hast" "^2.0.0"
    ccount "^2.0.0"
    comma-separated-tokens "^2.0.0"
    hast-util-is-element "^2.0.0"
    hast-util-whitespace "^2.0.0"
    html-void-elements "^2.0.0"
    property-information "^6.0.0"
    space-separated-tokens "^2.0.0"
    stringify-entities "^4.0.2"
    unist-util-is "^5.0.0"

hast-util-to-parse5@^7.0.0:
  version "7.0.0"
  resolved "https://registry.yarnpkg.com/hast-util-to-parse5/-/hast-util-to-parse5-7.0.0.tgz#a39808e69005d10afeed1866029a1fb137df3f7c"
  integrity sha512-YHiS6aTaZ3N0Q3nxaY/Tj98D6kM8QX5Q8xqgg8G45zR7PvWnPGPP0vcKCgb/moIydEJ/QWczVrX0JODCVeoV7A==
  dependencies:
    "@types/hast" "^2.0.0"
    "@types/parse5" "^6.0.0"
    hast-to-hyperscript "^10.0.0"
    property-information "^6.0.0"
    web-namespaces "^2.0.0"
    zwitch "^2.0.0"

hast-util-whitespace@^2.0.0:
  version "2.0.0"
  resolved "https://registry.yarnpkg.com/hast-util-whitespace/-/hast-util-whitespace-2.0.0.tgz#4fc1086467cc1ef5ba20673cb6b03cec3a970f1c"
  integrity sha512-Pkw+xBHuV6xFeJprJe2BBEoDV+AvQySaz3pPDRUs5PNZEMQjpXJJueqrpcHIXxnWTcAGi/UOCgVShlkY6kLoqg==

hast@^1.0.0:
  version "1.0.0"
  resolved "https://registry.yarnpkg.com/hast/-/hast-1.0.0.tgz#50615e6b2b0583e5608bc76c47029722f1e00607"
  integrity sha512-vFUqlRV5C+xqP76Wwq2SrM0kipnmpxJm7OfvVXpB35Fp+Fn4MV+ozr+JZr5qFvyR1q/U+Foim2x+3P+x9S1PLA==

hastscript@^7.0.0:
  version "7.0.2"
  resolved "https://registry.yarnpkg.com/hastscript/-/hastscript-7.0.2.tgz#d811fc040817d91923448a28156463b2e40d590a"
  integrity sha512-uA8ooUY4ipaBvKcMuPehTAB/YfFLSSzCwFSwT6ltJbocFUKH/GDHLN+tflq7lSRf9H86uOuxOFkh1KgIy3Gg2g==
  dependencies:
    "@types/hast" "^2.0.0"
    comma-separated-tokens "^2.0.0"
    hast-util-parse-selector "^3.0.0"
    property-information "^6.0.0"
    space-separated-tokens "^2.0.0"

html-void-elements@^2.0.0:
  version "2.0.1"
  resolved "https://registry.yarnpkg.com/html-void-elements/-/html-void-elements-2.0.1.tgz#29459b8b05c200b6c5ee98743c41b979d577549f"
  integrity sha512-0quDb7s97CfemeJAnW9wC0hw78MtW7NU3hqtCD75g2vFlDLt36llsYD7uB7SUzojLMP24N5IatXf7ylGXiGG9A==

inline-style-parser@0.1.1:
  version "0.1.1"
  resolved "https://registry.yarnpkg.com/inline-style-parser/-/inline-style-parser-0.1.1.tgz#ec8a3b429274e9c0a1f1c4ffa9453a7fef72cea1"
  integrity sha512-7NXolsK4CAS5+xvdj5OMMbI962hU/wvwoxk+LWR9Ek9bVtyuuYScDN6eS0rUm6TxApFpw7CX1o4uJzcd4AyD3Q==

is-buffer@^2.0.0:
  version "2.0.5"
  resolved "https://registry.yarnpkg.com/is-buffer/-/is-buffer-2.0.5.tgz#ebc252e400d22ff8d77fa09888821a24a658c191"
  integrity sha512-i2R6zNFDwgEHJyQUtJEk0XFi1i0dPFn/oqjK3/vPCcDeJvW5NQ83V8QbicfF1SupOaB0h8ntgBC2YiE7dfyctQ==

is-plain-obj@^4.0.0:
  version "4.1.0"
  resolved "https://registry.yarnpkg.com/is-plain-obj/-/is-plain-obj-4.1.0.tgz#d65025edec3657ce032fd7db63c97883eaed71f0"
  integrity sha512-+Pgi+vMuUNkJyExiMBt5IlFoMyKnr5zhJ4Uspz58WOhBF5QoIZkFyNHIbBAtHwzVAgk5RtndVNsDRN61/mmDqg==

parse5@^6.0.0:
  version "6.0.1"
  resolved "https://registry.yarnpkg.com/parse5/-/parse5-6.0.1.tgz#e1a1c085c569b3dc08321184f19a39cc27f7c30b"
  integrity sha512-Ofn/CTFzRGTTxwpNEs9PP93gXShHcTq255nzRYSKe8AkVpZY7e1fpmTfOyoIvjP5HG7Z2ZM7VS9PPhQGW2pOpw==

property-information@^6.0.0:
  version "6.1.1"
  resolved "https://registry.yarnpkg.com/property-information/-/property-information-6.1.1.tgz#5ca85510a3019726cb9afed4197b7b8ac5926a22"
  integrity sha512-hrzC564QIl0r0vy4l6MvRLhafmUowhO/O3KgVSoXIbbA2Sz4j8HGpJc6T2cubRVwMwpdiG/vKGfhT4IixmKN9w==

rehype-raw@^6.1.1:
  version "6.1.1"
  resolved "https://registry.yarnpkg.com/rehype-raw/-/rehype-raw-6.1.1.tgz#81bbef3793bd7abacc6bf8335879d1b6c868c9d4"
  integrity sha512-d6AKtisSRtDRX4aSPsJGTfnzrX2ZkHQLE5kiUuGOeEoLpbEulFF4hj0mLPbsa+7vmguDKOVVEQdHKDSwoaIDsQ==
  dependencies:
    "@types/hast" "^2.0.0"
    hast-util-raw "^7.2.0"
    unified "^10.0.0"

rehype-stringify@^9.0.3:
  version "9.0.3"
  resolved "https://registry.yarnpkg.com/rehype-stringify/-/rehype-stringify-9.0.3.tgz#70e3bd6d4d29e7acf36b802deed350305d2c3c17"
  integrity sha512-kWiZ1bgyWlgOxpqD5HnxShKAdXtb2IUljn3hQAhySeak6IOQPPt6DeGnsIh4ixm7yKJWzm8TXFuC/lPfcWHJqw==
  dependencies:
    "@types/hast" "^2.0.0"
    hast-util-to-html "^8.0.0"
    unified "^10.0.0"

space-separated-tokens@^2.0.0:
  version "2.0.1"
  resolved "https://registry.yarnpkg.com/space-separated-tokens/-/space-separated-tokens-2.0.1.tgz#43193cec4fb858a2ce934b7f98b7f2c18107098b"
  integrity sha512-ekwEbFp5aqSPKaqeY1PGrlGQxPNaq+Cnx4+bE2D8sciBQrHpbwoBbawqTN2+6jPs9IdWxxiUcN0K2pkczD3zmw==

stringify-entities@^4.0.2:
  version "4.0.3"
  resolved "https://registry.yarnpkg.com/stringify-entities/-/stringify-entities-4.0.3.tgz#cfabd7039d22ad30f3cc435b0ca2c1574fc88ef8"
  integrity sha512-BP9nNHMhhfcMbiuQKCqMjhDP5yBCAxsPu4pHFFzJ6Alo9dZgY4VLDPutXqIjpRiMoKdp7Av85Gr73Q5uH9k7+g==
  dependencies:
    character-entities-html4 "^2.0.0"
    character-entities-legacy "^3.0.0"

style-to-object@^0.3.0:
  version "0.3.0"
  resolved "https://registry.yarnpkg.com/style-to-object/-/style-to-object-0.3.0.tgz#b1b790d205991cc783801967214979ee19a76e46"
  integrity sha512-CzFnRRXhzWIdItT3OmF8SQfWyahHhjq3HwcMNCNLn+N7klOOqPjMeG/4JSu77D7ypZdGvSzvkrbyeTMizz2VrA==
  dependencies:
    inline-style-parser "0.1.1"

trough@^2.0.0:
  version "2.1.0"
  resolved "https://registry.yarnpkg.com/trough/-/trough-2.1.0.tgz#0f7b511a4fde65a46f18477ab38849b22c554876"
  integrity sha512-AqTiAOLcj85xS7vQ8QkAV41hPDIJ71XJB4RCUrzo/1GM2CQwhkJGaf9Hgr7BOugMRpgGUrqRg/DrBDl4H40+8g==

typescript@^4.7.4:
  version "4.8.3"
  resolved "https://registry.yarnpkg.com/typescript/-/typescript-4.8.3.tgz#d59344522c4bc464a65a730ac695007fdb66dd88"
  integrity sha512-goMHfm00nWPa8UvR/CPSvykqf6dVV8x/dp0c5mFTMTIu0u0FlGWRioyy7Nn0PGAdHxpJZnuO/ut+PpQ8UiHAig==

unified@^10.0.0, unified@^10.1.2:
  version "10.1.2"
  resolved "https://registry.yarnpkg.com/unified/-/unified-10.1.2.tgz#b1d64e55dafe1f0b98bb6c719881103ecf6c86df"
  integrity sha512-pUSWAi/RAnVy1Pif2kAoeWNBa3JVrx0MId2LASj8G+7AiHWoKZNTomq6LG326T68U7/e263X6fTdcXIy7XnF7Q==
  dependencies:
    "@types/unist" "^2.0.0"
    bail "^2.0.0"
    extend "^3.0.0"
    is-buffer "^2.0.0"
    is-plain-obj "^4.0.0"
    trough "^2.0.0"
    vfile "^5.0.0"

unist-util-is@^5.0.0:
  version "5.1.1"
  resolved "https://registry.yarnpkg.com/unist-util-is/-/unist-util-is-5.1.1.tgz#e8aece0b102fa9bc097b0fef8f870c496d4a6236"
  integrity sha512-F5CZ68eYzuSvJjGhCLPL3cYx45IxkqXSetCcRgUXtbcm50X2L9oOWQlfUfDdAf+6Pd27YDblBfdtmsThXmwpbQ==

unist-util-position@^4.0.0:
  version "4.0.3"
  resolved "https://registry.yarnpkg.com/unist-util-position/-/unist-util-position-4.0.3.tgz#5290547b014f6222dff95c48d5c3c13a88fadd07"
  integrity sha512-p/5EMGIa1qwbXjA+QgcBXaPWjSnZfQ2Sc3yBEEfgPwsEmJd8Qh+DSk3LGnmOM4S1bY2C0AjmMnB8RuEYxpPwXQ==
  dependencies:
    "@types/unist" "^2.0.0"

unist-util-stringify-position@^3.0.0:
  version "3.0.2"
  resolved "https://registry.yarnpkg.com/unist-util-stringify-position/-/unist-util-stringify-position-3.0.2.tgz#5c6aa07c90b1deffd9153be170dce628a869a447"
  integrity sha512-7A6eiDCs9UtjcwZOcCpM4aPII3bAAGv13E96IkawkOAW0OhH+yRxtY0lzo8KiHpzEMfH7Q+FizUmwp8Iqy5EWg==
  dependencies:
    "@types/unist" "^2.0.0"

unist-util-visit-parents@^5.1.1:
  version "5.1.1"
  resolved "https://registry.yarnpkg.com/unist-util-visit-parents/-/unist-util-visit-parents-5.1.1.tgz#868f353e6fce6bf8fa875b251b0f4fec3be709bb"
  integrity sha512-gks4baapT/kNRaWxuGkl5BIhoanZo7sC/cUT/JToSRNL1dYoXRFl75d++NkjYk4TAu2uv2Px+l8guMajogeuiw==
  dependencies:
    "@types/unist" "^2.0.0"
    unist-util-is "^5.0.0"

unist-util-visit@^4.0.0:
  version "4.1.1"
  resolved "https://registry.yarnpkg.com/unist-util-visit/-/unist-util-visit-4.1.1.tgz#1c4842d70bd3df6cc545276f5164f933390a9aad"
  integrity sha512-n9KN3WV9k4h1DxYR1LoajgN93wpEi/7ZplVe02IoB4gH5ctI1AaF2670BLHQYbwj+pY83gFtyeySFiyMHJklrg==
  dependencies:
    "@types/unist" "^2.0.0"
    unist-util-is "^5.0.0"
    unist-util-visit-parents "^5.1.1"

vfile-location@^4.0.0:
  version "4.0.1"
  resolved "https://registry.yarnpkg.com/vfile-location/-/vfile-location-4.0.1.tgz#06f2b9244a3565bef91f099359486a08b10d3a95"
  integrity sha512-JDxPlTbZrZCQXogGheBHjbRWjESSPEak770XwWPfw5mTc1v1nWGLB/apzZxsx8a0SJVfF8HK8ql8RD308vXRUw==
  dependencies:
    "@types/unist" "^2.0.0"
    vfile "^5.0.0"

vfile-message@^3.0.0:
  version "3.1.2"
  resolved "https://registry.yarnpkg.com/vfile-message/-/vfile-message-3.1.2.tgz#a2908f64d9e557315ec9d7ea3a910f658ac05f7d"
  integrity sha512-QjSNP6Yxzyycd4SVOtmKKyTsSvClqBPJcd00Z0zuPj3hOIjg0rUPG6DbFGPvUKRgYyaIWLPKpuEclcuvb3H8qA==
  dependencies:
    "@types/unist" "^2.0.0"
    unist-util-stringify-position "^3.0.0"

vfile@^5.0.0, vfile@^5.3.4:
  version "5.3.5"
  resolved "https://registry.yarnpkg.com/vfile/-/vfile-5.3.5.tgz#ec2e206b1414f561c85b7972bb1eeda8ab47ee61"
  integrity sha512-U1ho2ga33eZ8y8pkbQLH54uKqGhFJ6GYIHnnG5AhRpAh3OWjkrRHKa/KogbmQn8We+c0KVV3rTOgR9V/WowbXQ==
  dependencies:
    "@types/unist" "^2.0.0"
    is-buffer "^2.0.0"
    unist-util-stringify-position "^3.0.0"
    vfile-message "^3.0.0"

web-namespaces@^2.0.0:
  version "2.0.1"
  resolved "https://registry.yarnpkg.com/web-namespaces/-/web-namespaces-2.0.1.tgz#1010ff7c650eccb2592cebeeaf9a1b253fd40692"
  integrity sha512-bKr1DkiNa2krS7qxNtdrtHAmzuYGFQLiQ13TsorsdT6ULTkPLKuu5+GsFpDlg6JFjUTwX2DyhMPG2be8uPrqsQ==

zwitch@^2.0.0:
  version "2.0.2"
  resolved "https://registry.yarnpkg.com/zwitch/-/zwitch-2.0.2.tgz#91f8d0e901ffa3d66599756dde7f57b17c95dce1"
  integrity sha512-JZxotl7SxAJH0j7dN4pxsTV6ZLXoLdGME+PsjkL/DaBrVryK9kTGq06GfKrwcSOqypP+fdXGoCHE36b99fWVoA==
